// !$*UTF8*$!
{
	archiveVersion = 1;
	classes = {
	};
	objectVersion = 50;
	objects = {

/* Begin PBXBuildFile section */
		3368240E222C8BE80058BD94 /* ObjCUITests.m in Sources */ = {isa = PBXBuildFile; fileRef = 3368240D222C8BE80058BD94 /* ObjCUITests.m */; };
		33682417222C8F630058BD94 /* DetailVC.m in Sources */ = {isa = PBXBuildFile; fileRef = 33682416222C8F630058BD94 /* DetailVC.m */; };
		33D465FA222C61E8000A00B0 /* AppDelegate.m in Sources */ = {isa = PBXBuildFile; fileRef = 33D465F9222C61E8000A00B0 /* AppDelegate.m */; };
		33D465FD222C61E8000A00B0 /* ViewController.m in Sources */ = {isa = PBXBuildFile; fileRef = 33D465FC222C61E8000A00B0 /* ViewController.m */; };
		33D46600222C61E8000A00B0 /* Main.storyboard in Resources */ = {isa = PBXBuildFile; fileRef = 33D465FE222C61E8000A00B0 /* Main.storyboard */; };
		33D46602222C61E8000A00B0 /* Assets.xcassets in Resources */ = {isa = PBXBuildFile; fileRef = 33D46601222C61E8000A00B0 /* Assets.xcassets */; };
		33D46605222C61E8000A00B0 /* LaunchScreen.storyboard in Resources */ = {isa = PBXBuildFile; fileRef = 33D46603222C61E8000A00B0 /* LaunchScreen.storyboard */; };
		33D46608222C61E8000A00B0 /* main.m in Sources */ = {isa = PBXBuildFile; fileRef = 33D46607222C61E8000A00B0 /* main.m */; };
		33D46612222C6426000A00B0 /* EmployeeModel.m in Sources */ = {isa = PBXBuildFile; fileRef = 33D46611222C6426000A00B0 /* EmployeeModel.m */; };
		33D46619222C6CB1000A00B0 /* EmployeeCell.m in Sources */ = {isa = PBXBuildFile; fileRef = 33D46618222C6CB1000A00B0 /* EmployeeCell.m */; };
/* End PBXBuildFile section */

/* Begin PBXContainerItemProxy section */
		33682410222C8BE80058BD94 /* PBXContainerItemProxy */ = {
			isa = PBXContainerItemProxy;
			containerPortal = 33D465ED222C61E8000A00B0 /* Project object */;
			proxyType = 1;
			remoteGlobalIDString = 33D465F4222C61E8000A00B0;
			remoteInfo = ObjC;
		};
/* End PBXContainerItemProxy section */

/* Begin PBXFileReference section */
		3368240B222C8BE70058BD94 /* ObjCUITests.xctest */ = {isa = PBXFileReference; explicitFileType = wrapper.cfbundle; includeInIndex = 0; path = ObjCUITests.xctest; sourceTree = BUILT_PRODUCTS_DIR; };
		3368240D222C8BE80058BD94 /* ObjCUITests.m */ = {isa = PBXFileReference; lastKnownFileType = sourcecode.c.objc; path = ObjCUITests.m; sourceTree = "<group>"; };
		3368240F222C8BE80058BD94 /* Info.plist */ = {isa = PBXFileReference; lastKnownFileType = text.plist.xml; path = Info.plist; sourceTree = "<group>"; };
		33682415222C8F630058BD94 /* DetailVC.h */ = {isa = PBXFileReference; lastKnownFileType = sourcecode.c.h; path = DetailVC.h; sourceTree = "<group>"; };
		33682416222C8F630058BD94 /* DetailVC.m */ = {isa = PBXFileReference; lastKnownFileType = sourcecode.c.objc; path = DetailVC.m; sourceTree = "<group>"; };
		33D465F5222C61E8000A00B0 /* ObjC.app */ = {isa = PBXFileReference; explicitFileType = wrapper.application; includeInIndex = 0; path = ObjC.app; sourceTree = BUILT_PRODUCTS_DIR; };
		33D465F8222C61E8000A00B0 /* AppDelegate.h */ = {isa = PBXFileReference; lastKnownFileType = sourcecode.c.h; path = AppDelegate.h; sourceTree = "<group>"; };
		33D465F9222C61E8000A00B0 /* AppDelegate.m */ = {isa = PBXFileReference; lastKnownFileType = sourcecode.c.objc; path = AppDelegate.m; sourceTree = "<group>"; };
		33D465FB222C61E8000A00B0 /* ViewController.h */ = {isa = PBXFileReference; lastKnownFileType = sourcecode.c.h; path = ViewController.h; sourceTree = "<group>"; };
		33D465FC222C61E8000A00B0 /* ViewController.m */ = {isa = PBXFileReference; lastKnownFileType = sourcecode.c.objc; path = ViewController.m; sourceTree = "<group>"; };
		33D465FF222C61E8000A00B0 /* Base */ = {isa = PBXFileReference; lastKnownFileType = file.storyboard; name = Base; path = Base.lproj/Main.storyboard; sourceTree = "<group>"; };
		33D46601222C61E8000A00B0 /* Assets.xcassets */ = {isa = PBXFileReference; lastKnownFileType = folder.assetcatalog; path = Assets.xcassets; sourceTree = "<group>"; };
		33D46604222C61E8000A00B0 /* Base */ = {isa = PBXFileReference; lastKnownFileType = file.storyboard; name = Base; path = Base.lproj/LaunchScreen.storyboard; sourceTree = "<group>"; };
		33D46606222C61E8000A00B0 /* Info.plist */ = {isa = PBXFileReference; lastKnownFileType = text.plist.xml; path = Info.plist; sourceTree = "<group>"; };
		33D46607222C61E8000A00B0 /* main.m */ = {isa = PBXFileReference; lastKnownFileType = sourcecode.c.objc; path = main.m; sourceTree = "<group>"; };
		33D46610222C6426000A00B0 /* EmployeeModel.h */ = {isa = PBXFileReference; lastKnownFileType = sourcecode.c.h; path = EmployeeModel.h; sourceTree = "<group>"; };
		33D46611222C6426000A00B0 /* EmployeeModel.m */ = {isa = PBXFileReference; lastKnownFileType = sourcecode.c.objc; path = EmployeeModel.m; sourceTree = "<group>"; };
		33D46617222C6CB1000A00B0 /* EmployeeCell.h */ = {isa = PBXFileReference; lastKnownFileType = sourcecode.c.h; path = EmployeeCell.h; sourceTree = "<group>"; };
		33D46618222C6CB1000A00B0 /* EmployeeCell.m */ = {isa = PBXFileReference; lastKnownFileType = sourcecode.c.objc; path = EmployeeCell.m; sourceTree = "<group>"; };
/* End PBXFileReference section */

/* Begin PBXFrameworksBuildPhase section */
		33682408222C8BE70058BD94 /* Frameworks */ = {
			isa = PBXFrameworksBuildPhase;
			buildActionMask = 2147483647;
			files = (
			);
			runOnlyForDeploymentPostprocessing = 0;
		};
		33D465F2222C61E8000A00B0 /* Frameworks */ = {
			isa = PBXFrameworksBuildPhase;
			buildActionMask = 2147483647;
			files = (
			);
			runOnlyForDeploymentPostprocessing = 0;
		};
/* End PBXFrameworksBuildPhase section */

/* Begin PBXGroup section */
		3368240C222C8BE70058BD94 /* ObjCUITests */ = {
			isa = PBXGroup;
			children = (
				3368240D222C8BE80058BD94 /* ObjCUITests.m */,
				3368240F222C8BE80058BD94 /* Info.plist */,
			);
			path = ObjCUITests;
			sourceTree = "<group>";
		};
		33D465EC222C61E8000A00B0 = {
			isa = PBXGroup;
			children = (
				33D465F7222C61E8000A00B0 /* ObjC */,
				3368240C222C8BE70058BD94 /* ObjCUITests */,
				33D465F6222C61E8000A00B0 /* Products */,
			);
			sourceTree = "<group>";
		};
		33D465F6222C61E8000A00B0 /* Products */ = {
			isa = PBXGroup;
			children = (
				33D465F5222C61E8000A00B0 /* ObjC.app */,
				3368240B222C8BE70058BD94 /* ObjCUITests.xctest */,
			);
			name = Products;
			sourceTree = "<group>";
		};
		33D465F7222C61E8000A00B0 /* ObjC */ = {
			isa = PBXGroup;
			children = (
				33D465F8222C61E8000A00B0 /* AppDelegate.h */,
				33D465F9222C61E8000A00B0 /* AppDelegate.m */,
				33D46613222C6C6E000A00B0 /* TableView Cell */,
				33D4660F222C6308000A00B0 /* Models */,
				33D4660E222C62F6000A00B0 /* ViewControllers */,
				33D465FE222C61E8000A00B0 /* Main.storyboard */,
				33D46601222C61E8000A00B0 /* Assets.xcassets */,
				33D46603222C61E8000A00B0 /* LaunchScreen.storyboard */,
				33D46606222C61E8000A00B0 /* Info.plist */,
				33D46607222C61E8000A00B0 /* main.m */,
			);
			path = ObjC;
			sourceTree = "<group>";
		};
		33D4660E222C62F6000A00B0 /* ViewControllers */ = {
			isa = PBXGroup;
			children = (
				33D465FB222C61E8000A00B0 /* ViewController.h */,
				33D465FC222C61E8000A00B0 /* ViewController.m */,
				33682415222C8F630058BD94 /* DetailVC.h */,
				33682416222C8F630058BD94 /* DetailVC.m */,
			);
			path = ViewControllers;
			sourceTree = "<group>";
		};
		33D4660F222C6308000A00B0 /* Models */ = {
			isa = PBXGroup;
			children = (
				33D46610222C6426000A00B0 /* EmployeeModel.h */,
				33D46611222C6426000A00B0 /* EmployeeModel.m */,
			);
			path = Models;
			sourceTree = "<group>";
		};
		33D46613222C6C6E000A00B0 /* TableView Cell */ = {
			isa = PBXGroup;
			children = (
				33D46617222C6CB1000A00B0 /* EmployeeCell.h */,
				33D46618222C6CB1000A00B0 /* EmployeeCell.m */,
			);
			path = "TableView Cell";
			sourceTree = "<group>";
		};
/* End PBXGroup section */

/* Begin PBXNativeTarget section */
		3368240A222C8BE70058BD94 /* ObjCUITests */ = {
			isa = PBXNativeTarget;
			buildConfigurationList = 33682414222C8BE80058BD94 /* Build configuration list for PBXNativeTarget "ObjCUITests" */;
			buildPhases = (
				33682407222C8BE70058BD94 /* Sources */,
				33682408222C8BE70058BD94 /* Frameworks */,
				33682409222C8BE70058BD94 /* Resources */,
			);
			buildRules = (
			);
			dependencies = (
				33682411222C8BE80058BD94 /* PBXTargetDependency */,
			);
			name = ObjCUITests;
			productName = ObjCUITests;
			productReference = 3368240B222C8BE70058BD94 /* ObjCUITests.xctest */;
			productType = "com.apple.product-type.bundle.ui-testing";
		};
		33D465F4222C61E8000A00B0 /* ObjC */ = {
			isa = PBXNativeTarget;
			buildConfigurationList = 33D4660B222C61E8000A00B0 /* Build configuration list for PBXNativeTarget "ObjC" */;
			buildPhases = (
				33D465F1222C61E8000A00B0 /* Sources */,
				33D465F2222C61E8000A00B0 /* Frameworks */,
				33D465F3222C61E8000A00B0 /* Resources */,
			);
			buildRules = (
			);
			dependencies = (
			);
			name = ObjC;
			productName = ObjC;
			productReference = 33D465F5222C61E8000A00B0 /* ObjC.app */;
			productType = "com.apple.product-type.application";
		};
/* End PBXNativeTarget section */

/* Begin PBXProject section */
		33D465ED222C61E8000A00B0 /* Project object */ = {
			isa = PBXProject;
			attributes = {
				LastUpgradeCheck = 1000;
				ORGANIZATIONNAME = "Patel, Keval Tulsibhai";
				TargetAttributes = {
					3368240A222C8BE70058BD94 = {
						CreatedOnToolsVersion = 10.0;
						TestTargetID = 33D465F4222C61E8000A00B0;
					};
					33D465F4222C61E8000A00B0 = {
						CreatedOnToolsVersion = 10.0;
					};
				};
			};
			buildConfigurationList = 33D465F0222C61E8000A00B0 /* Build configuration list for PBXProject "ObjC" */;
			compatibilityVersion = "Xcode 9.3";
			developmentRegion = en;
			hasScannedForEncodings = 0;
			knownRegions = (
				en,
				Base,
			);
			mainGroup = 33D465EC222C61E8000A00B0;
			productRefGroup = 33D465F6222C61E8000A00B0 /* Products */;
			projectDirPath = "";
			projectRoot = "";
			targets = (
				33D465F4222C61E8000A00B0 /* ObjC */,
				3368240A222C8BE70058BD94 /* ObjCUITests */,
			);
		};
/* End PBXProject section */

/* Begin PBXResourcesBuildPhase section */
		33682409222C8BE70058BD94 /* Resources */ = {
			isa = PBXResourcesBuildPhase;
			buildActionMask = 2147483647;
			files = (
			);
			runOnlyForDeploymentPostprocessing = 0;
		};
		33D465F3222C61E8000A00B0 /* Resources */ = {
			isa = PBXResourcesBuildPhase;
			buildActionMask = 2147483647;
			files = (
				33D46605222C61E8000A00B0 /* LaunchScreen.storyboard in Resources */,
				33D46602222C61E8000A00B0 /* Assets.xcassets in Resources */,
				33D46600222C61E8000A00B0 /* Main.storyboard in Resources */,
			);
			runOnlyForDeploymentPostprocessing = 0;
		};
/* End PBXResourcesBuildPhase section */

/* Begin PBXSourcesBuildPhase section */
		33682407222C8BE70058BD94 /* Sources */ = {
			isa = PBXSourcesBuildPhase;
			buildActionMask = 2147483647;
			files = (
				3368240E222C8BE80058BD94 /* ObjCUITests.m in Sources */,
			);
			runOnlyForDeploymentPostprocessing = 0;
		};
		33D465F1222C61E8000A00B0 /* Sources */ = {
			isa = PBXSourcesBuildPhase;
			buildActionMask = 2147483647;
			files = (
				33D465FD222C61E8000A00B0 /* ViewController.m in Sources */,
				33D46608222C61E8000A00B0 /* main.m in Sources */,
				33D465FA222C61E8000A00B0 /* AppDelegate.m in Sources */,
				33682417222C8F630058BD94 /* DetailVC.m in Sources */,
				33D46619222C6CB1000A00B0 /* EmployeeCell.m in Sources */,
				33D46612222C6426000A00B0 /* EmployeeModel.m in Sources */,
			);
			runOnlyForDeploymentPostprocessing = 0;
		};
/* End PBXSourcesBuildPhase section */

/* Begin PBXTargetDependency section */
		33682411222C8BE80058BD94 /* PBXTargetDependency */ = {
			isa = PBXTargetDependency;
			target = 33D465F4222C61E8000A00B0 /* ObjC */;
			targetProxy = 33682410222C8BE80058BD94 /* PBXContainerItemProxy */;
		};
/* End PBXTargetDependency section */

/* Begin PBXVariantGroup section */
		33D465FE222C61E8000A00B0 /* Main.storyboard */ = {
			isa = PBXVariantGroup;
			children = (
				33D465FF222C61E8000A00B0 /* Base */,
			);
			name = Main.storyboard;
			sourceTree = "<group>";
		};
		33D46603222C61E8000A00B0 /* LaunchScreen.storyboard */ = {
			isa = PBXVariantGroup;
			children = (
				33D46604222C61E8000A00B0 /* Base */,
			);
			name = LaunchScreen.storyboard;
			sourceTree = "<group>";
		};
/* End PBXVariantGroup section */

/* Begin XCBuildConfiguration section */
		33682412222C8BE80058BD94 /* Debug */ = {
			isa = XCBuildConfiguration;
			buildSettings = {
				CODE_SIGN_STYLE = Automatic;
				DEVELOPMENT_TEAM = 39AV68P3TB;
				INFOPLIST_FILE = ObjCUITests/Info.plist;
				LD_RUNPATH_SEARCH_PATHS = (
					"$(inherited)",
					"@executable_path/Frameworks",
					"@loader_path/Frameworks",
				);
				PRODUCT_BUNDLE_IDENTIFIER = KVL.ObjCUITests;
				PRODUCT_NAME = "$(TARGET_NAME)";
				TARGETED_DEVICE_FAMILY = "1,2";
				TEST_TARGET_NAME = ObjC;
			};
			name = Debug;
		};
		33682413222C8BE80058BD94 /* Release */ = {
			isa = XCBuildConfiguration;
			buildSettings = {
				CODE_SIGN_STYLE = Automatic;
				DEVELOPMENT_TEAM = 39AV68P3TB;
				INFOPLIST_FILE = ObjCUITests/Info.plist;
				LD_RUNPATH_SEARCH_PATHS = (
					"$(inherited)",
					"@executable_path/Frameworks",
					"@loader_path/Frameworks",
				);
				PRODUCT_BUNDLE_IDENTIFIER = KVL.ObjCUITests;
				PRODUCT_NAME = "$(TARGET_NAME)";
				TARGETED_DEVICE_FAMILY = "1,2";
				TEST_TARGET_NAME = ObjC;
			};
			name = Release;
		};
		33D46609222C61E8000A00B0 /* Debug */ = {
			isa = XCBuildConfiguration;
			buildSettings = {
				ALWAYS_SEARCH_USER_PATHS = NO;
				CLANG_ANALYZER_NONNULL = YES;
				CLANG_ANALYZER_NUMBER_OBJECT_CONVERSION = YES_AGGRESSIVE;
				CLANG_CXX_LANGUAGE_STANDARD = "gnu++14";
				CLANG_CXX_LIBRARY = "libc++";
				CLANG_ENABLE_MODULES = YES;
				CLANG_ENABLE_OBJC_ARC = YES;
				CLANG_ENABLE_OBJC_WEAK = YES;
				CLANG_WARN_BLOCK_CAPTURE_AUTORELEASING = YES;
				CLANG_WARN_BOOL_CONVERSION = YES;
				CLANG_WARN_COMMA = YES;
				CLANG_WARN_CONSTANT_CONVERSION = YES;
				CLANG_WARN_DEPRECATED_OBJC_IMPLEMENTATIONS = YES;
				CLANG_WARN_DIRECT_OBJC_ISA_USAGE = YES_ERROR;
				CLANG_WARN_DOCUMENTATION_COMMENTS = YES;
				CLANG_WARN_EMPTY_BODY = YES;
				CLANG_WARN_ENUM_CONVERSION = YES;
				CLANG_WARN_INFINITE_RECURSION = YES;
				CLANG_WARN_INT_CONVERSION = YES;
				CLANG_WARN_NON_LITERAL_NULL_CONVERSION = YES;
				CLANG_WARN_OBJC_IMPLICIT_RETAIN_SELF = YES;
				CLANG_WARN_OBJC_LITERAL_CONVERSION = YES;
				CLANG_WARN_OBJC_ROOT_CLASS = YES_ERROR;
				CLANG_WARN_RANGE_LOOP_ANALYSIS = YES;
				CLANG_WARN_STRICT_PROTOTYPES = YES;
				CLANG_WARN_SUSPICIOUS_MOVE = YES;
				CLANG_WARN_UNGUARDED_AVAILABILITY = YES_AGGRESSIVE;
				CLANG_WARN_UNREACHABLE_CODE = YES;
				CLANG_WARN__DUPLICATE_METHOD_MATCH = YES;
				CODE_SIGN_IDENTITY = "iPhone Developer";
				COPY_PHASE_STRIP = NO;
				DEBUG_INFORMATION_FORMAT = dwarf;
				ENABLE_STRICT_OBJC_MSGSEND = YES;
				ENABLE_TESTABILITY = YES;
				GCC_C_LANGUAGE_STANDARD = gnu11;
				GCC_DYNAMIC_NO_PIC = NO;
				GCC_NO_COMMON_BLOCKS = YES;
				GCC_OPTIMIZATION_LEVEL = 0;
				GCC_PREPROCESSOR_DEFINITIONS = (
					"DEBUG=1",
					"$(inherited)",
				);
				GCC_WARN_64_TO_32_BIT_CONVERSION = YES;
				GCC_WARN_ABOUT_RETURN_TYPE = YES_ERROR;
				GCC_WARN_UNDECLARED_SELECTOR = YES;
				GCC_WARN_UNINITIALIZED_AUTOS = YES_AGGRESSIVE;
				GCC_WARN_UNUSED_FUNCTION = YES;
				GCC_WARN_UNUSED_VARIABLE = YES;
				IPHONEOS_DEPLOYMENT_TARGET = 12.0;
				MTL_ENABLE_DEBUG_INFO = INCLUDE_SOURCE;
				MTL_FAST_MATH = YES;
				ONLY_ACTIVE_ARCH = YES;
				SDKROOT = iphoneos;
			};
			name = Debug;
		};
		33D4660A222C61E8000A00B0 /* Release */ = {
			isa = XCBuildConfiguration;
			buildSettings = {
				ALWAYS_SEARCH_USER_PATHS = NO;
				CLANG_ANALYZER_NONNULL = YES;
				CLANG_ANALYZER_NUMBER_OBJECT_CONVERSION = YES_AGGRESSIVE;
				CLANG_CXX_LANGUAGE_STANDARD = "gnu++14";
				CLANG_CXX_LIBRARY = "libc++";
				CLANG_ENABLE_MODULES = YES;
				CLANG_ENABLE_OBJC_ARC = YES;
				CLANG_ENABLE_OBJC_WEAK = YES;
				CLANG_WARN_BLOCK_CAPTURE_AUTORELEASING = YES;
				CLANG_WARN_BOOL_CONVERSION = YES;
				CLANG_WARN_COMMA = YES;
				CLANG_WARN_CONSTANT_CONVERSION = YES;
				CLANG_WARN_DEPRECATED_OBJC_IMPLEMENTATIONS = YES;
				CLANG_WARN_DIRECT_OBJC_ISA_USAGE = YES_ERROR;
				CLANG_WARN_DOCUMENTATION_COMMENTS = YES;
				CLANG_WARN_EMPTY_BODY = YES;
				CLANG_WARN_ENUM_CONVERSION = YES;
				CLANG_WARN_INFINITE_RECURSION = YES;
				CLANG_WARN_INT_CONVERSION = YES;
				CLANG_WARN_NON_LITERAL_NULL_CONVERSION = YES;
				CLANG_WARN_OBJC_IMPLICIT_RETAIN_SELF = YES;
				CLANG_WARN_OBJC_LITERAL_CONVERSION = YES;
				CLANG_WARN_OBJC_ROOT_CLASS = YES_ERROR;
				CLANG_WARN_RANGE_LOOP_ANALYSIS = YES;
				CLANG_WARN_STRICT_PROTOTYPES = YES;
				CLANG_WARN_SUSPICIOUS_MOVE = YES;
				CLANG_WARN_UNGUARDED_AVAILABILITY = YES_AGGRESSIVE;
				CLANG_WARN_UNREACHABLE_CODE = YES;
				CLANG_WARN__DUPLICATE_METHOD_MATCH = YES;
				CODE_SIGN_IDENTITY = "iPhone Developer";
				COPY_PHASE_STRIP = NO;
				DEBUG_INFORMATION_FORMAT = "dwarf-with-dsym";
				ENABLE_NS_ASSERTIONS = NO;
				ENABLE_STRICT_OBJC_MSGSEND = YES;
				GCC_C_LANGUAGE_STANDARD = gnu11;
				GCC_NO_COMMON_BLOCKS = YES;
				GCC_WARN_64_TO_32_BIT_CONVERSION = YES;
				GCC_WARN_ABOUT_RETURN_TYPE = YES_ERROR;
				GCC_WARN_UNDECLARED_SELECTOR = YES;
				GCC_WARN_UNINITIALIZED_AUTOS = YES_AGGRESSIVE;
				GCC_WARN_UNUSED_FUNCTION = YES;
				GCC_WARN_UNUSED_VARIABLE = YES;
				IPHONEOS_DEPLOYMENT_TARGET = 12.0;
				MTL_ENABLE_DEBUG_INFO = NO;
				MTL_FAST_MATH = YES;
				SDKROOT = iphoneos;
				VALIDATE_PRODUCT = YES;
			};
			name = Release;
		};
		33D4660C222C61E8000A00B0 /* Debug */ = {
			isa = XCBuildConfiguration;
			buildSettings = {
				ASSETCATALOG_COMPILER_APPICON_NAME = AppIcon;
				CODE_SIGN_STYLE = Automatic;
				DEVELOPMENT_TEAM = 39AV68P3TB;
				INFOPLIST_FILE = ObjC/Info.plist;
				LD_RUNPATH_SEARCH_PATHS = (
					"$(inherited)",
					"@executable_path/Frameworks",
				);
				PRODUCT_BUNDLE_IDENTIFIER = KVL.ObjC;
				PRODUCT_NAME = "$(TARGET_NAME)";
				TARGETED_DEVICE_FAMILY = "1,2";
			};
			name = Debug;
		};
		33D4660D222C61E8000A00B0 /* Release */ = {
			isa = XCBuildConfiguration;
			buildSettings = {
				ASSETCATALOG_COMPILER_APPICON_NAME = AppIcon;
				CODE_SIGN_STYLE = Automatic;
				DEVELOPMENT_TEAM = 39AV68P3TB;
				INFOPLIST_FILE = ObjC/Info.plist;
				LD_RUNPATH_SEARCH_PATHS = (
					"$(inherited)",
					"@executable_path/Frameworks",
				);
				PRODUCT_BUNDLE_IDENTIFIER = KVL.ObjC;
				PRODUCT_NAME = "$(TARGET_NAME)";
				TARGETED_DEVICE_FAMILY = "1,2";
			};
			name = Release;
		};
/* End XCBuildConfiguration section */

/* Begin XCConfigurationList section */
		33682414222C8BE80058BD94 /* Build configuration list for PBXNativeTarget "ObjCUITests" */ = {
			isa = XCConfigurationList;
			buildConfigurations = (
				33682412222C8BE80058BD94 /* Debug */,
				33682413222C8BE80058BD94 /* Release */,
			);
			defaultConfigurationIsVisible = 0;
			defaultConfigurationName = Release;
		};
		33D465F0222C61E8000A00B0 /* Build configuration list for PBXProject "ObjC" */ = {
			isa = XCConfigurationList;
			buildConfigurations = (
				33D46609222C61E8000A00B0 /* Debug */,
				33D4660A222C61E8000A00B0 /* Release */,
			);
			defaultConfigurationIsVisible = 0;
			defaultConfigurationName = Release;
		};
		33D4660B222C61E8000A00B0 /* Build configuration list for PBXNativeTarget "ObjC" */ = {
			isa = XCConfigurationList;
			buildConfigurations = (
				33D4660C222C61E8000A00B0 /* Debug */,
				33D4660D222C61E8000A00B0 /* Release */,
			);
			defaultConfigurationIsVisible = 0;
			defaultConfigurationName = Release;
		};
/* End XCConfigurationList section */
	};
	rootObject = 33D465ED222C61E8000A00B0 /* Project object */;
}
